
Microsoft Visual Studio Solution File, Format Version 12.00
# Visual Studio Version 16
VisualStudioVersion = 16.0.31729.503
MinimumVisualStudioVersion = 10.0.40219.1
Project("{9A19103F-16F7-4668-BE54-9A1E7A4F7556}") = "VendingMachine", "VendingMachine\VendingMachine.csproj", "{6A18D3FB-2834-4D08-B73D-BF8AC18D8FC9}"
EndProject
Project("{FAE04EC0-301F-11D3-BF4B-00C04F79EFBC}") = "VendingMachine.Test", "VendingMachine.Test\VendingMachine.Test.csproj", "{79564081-9E61-43BA-A38E-425D7A85DF53}"
EndProject
Global
	GlobalSection(SolutionConfigurationPlatforms) = preSolution
		Debug|Any CPU = Debug|Any CPU
		Release|Any CPU = Release|Any CPU
	EndGlobalSection
	GlobalSection(ProjectConfigurationPlatforms) = postSolution
		{6A18D3FB-2834-4D08-B73D-BF8AC18D8FC9}.Debug|Any CPU.ActiveCfg = Debug|Any CPU
		{6A18D3FB-2834-4D08-B73D-BF8AC18D8FC9}.Debug|Any CPU.Build.0 = Debug|Any CPU
		{6A18D3FB-2834-4D08-B73D-BF8AC18D8FC9}.Release|Any CPU.ActiveCfg = Release|Any CPU
		{6A18D3FB-2834-4D08-B73D-BF8AC18D8FC9}.Release|Any CPU.Build.0 = Release|Any CPU
		{79564081-9E61-43BA-A38E-425D7A85DF53}.Debug|Any CPU.ActiveCfg = Debug|Any CPU
		{79564081-9E61-43BA-A38E-425D7A85DF53}.Debug|Any CPU.Build.0 = Debug|Any CPU
		{79564081-9E61-43BA-A38E-425D7A85DF53}.Release|Any CPU.ActiveCfg = Release|Any CPU
		{79564081-9E61-43BA-A38E-425D7A85DF53}.Release|Any CPU.Build.0 = Release|Any CPU
	EndGlobalSection
	GlobalSection(SolutionProperties) = preSolution
		HideSolutionNode = FALSE
	EndGlobalSection
	GlobalSection(ExtensibilityGlobals) = postSolution
		SolutionGuid = {EA2997E7-EDA8-4637-8172-1A71F02E8578}
	EndGlobalSection
EndGlobal
